
Microsoft Visual Studio Solution File, Format Version 12.00
# Visual Studio Version 16
VisualStudioVersion = 16.0.31205.134
MinimumVisualStudioVersion = 10.0.40219.1
Project("{9A19103F-16F7-4668-BE54-9A1E7A4F7556}") = "Entities", "..\Entities\Entities.csproj", "{3C9A819C-BBFA-4D7E-9A3E-414F7D978D16}"
EndProject
Project("{9A19103F-16F7-4668-BE54-9A1E7A4F7556}") = "WebApi", "..\WebApi\WebApi.csproj", "{A039E534-0E0D-41AB-9131-C2DB3354137C}"
EndProject
Project("{9A19103F-16F7-4668-BE54-9A1E7A4F7556}") = "Services", "..\Services\Services.csproj", "{CCA81181-68D6-4B30-8CBE-80A6E9CDA8B5}"
EndProject
Project("{9A19103F-16F7-4668-BE54-9A1E7A4F7556}") = "Repositories", "..\Repositories\Repositories.csproj", "{9751515F-B7A3-4967-8DEA-A50F398CB79A}"
EndProject
Project("{FAE04EC0-301F-11D3-BF4B-00C04F79EFBC}") = "Common", "Common\Common.csproj", "{7A62D1E4-4128-4E68-B8A0-B09204B3D34B}"
EndProject
Global
	GlobalSection(SolutionConfigurationPlatforms) = preSolution
		Debug|Any CPU = Debug|Any CPU
		Release|Any CPU = Release|Any CPU
	EndGlobalSection
	GlobalSection(ProjectConfigurationPlatforms) = postSolution
		{3C9A819C-BBFA-4D7E-9A3E-414F7D978D16}.Debug|Any CPU.ActiveCfg = Debug|Any CPU
		{3C9A819C-BBFA-4D7E-9A3E-414F7D978D16}.Debug|Any CPU.Build.0 = Debug|Any CPU
		{3C9A819C-BBFA-4D7E-9A3E-414F7D978D16}.Release|Any CPU.ActiveCfg = Release|Any CPU
		{3C9A819C-BBFA-4D7E-9A3E-414F7D978D16}.Release|Any CPU.Build.0 = Release|Any CPU
		{A039E534-0E0D-41AB-9131-C2DB3354137C}.Debug|Any CPU.ActiveCfg = Debug|Any CPU
		{A039E534-0E0D-41AB-9131-C2DB3354137C}.Debug|Any CPU.Build.0 = Debug|Any CPU
		{A039E534-0E0D-41AB-9131-C2DB3354137C}.Release|Any CPU.ActiveCfg = Release|Any CPU
		{A039E534-0E0D-41AB-9131-C2DB3354137C}.Release|Any CPU.Build.0 = Release|Any CPU
		{CCA81181-68D6-4B30-8CBE-80A6E9CDA8B5}.Debug|Any CPU.ActiveCfg = Debug|Any CPU
		{CCA81181-68D6-4B30-8CBE-80A6E9CDA8B5}.Debug|Any CPU.Build.0 = Debug|Any CPU
		{CCA81181-68D6-4B30-8CBE-80A6E9CDA8B5}.Release|Any CPU.ActiveCfg = Release|Any CPU
		{CCA81181-68D6-4B30-8CBE-80A6E9CDA8B5}.Release|Any CPU.Build.0 = Release|Any CPU
		{9751515F-B7A3-4967-8DEA-A50F398CB79A}.Debug|Any CPU.ActiveCfg = Debug|Any CPU
		{9751515F-B7A3-4967-8DEA-A50F398CB79A}.Debug|Any CPU.Build.0 = Debug|Any CPU
		{9751515F-B7A3-4967-8DEA-A50F398CB79A}.Release|Any CPU.ActiveCfg = Release|Any CPU
		{9751515F-B7A3-4967-8DEA-A50F398CB79A}.Release|Any CPU.Build.0 = Release|Any CPU
		{7A62D1E4-4128-4E68-B8A0-B09204B3D34B}.Debug|Any CPU.ActiveCfg = Debug|Any CPU
		{7A62D1E4-4128-4E68-B8A0-B09204B3D34B}.Debug|Any CPU.Build.0 = Debug|Any CPU
		{7A62D1E4-4128-4E68-B8A0-B09204B3D34B}.Release|Any CPU.ActiveCfg = Release|Any CPU
		{7A62D1E4-4128-4E68-B8A0-B09204B3D34B}.Release|Any CPU.Build.0 = Release|Any CPU
	EndGlobalSection
	GlobalSection(SolutionProperties) = preSolution
		HideSolutionNode = FALSE
	EndGlobalSection
	GlobalSection(ExtensibilityGlobals) = postSolution
		SolutionGuid = {DA4EECA0-BA74-442E-B3CD-D8F72F4EC611}
	EndGlobalSection
EndGlobal
